github.com/davecheney/godoc2md v0.0.0-20180717000503-586c20adbfb9/go.mod h1:A04a9rawvUZlLDtIXfgTjAUm6wU8O4ZME64JGhKFubg=
github.com/google/uuid v1.0.0 h1:b4Gk+7WdP/d3HZH8EJsZpvV7EtDOgaZLtnaNGIu1adA=
github.com/google/uuid v1.0.0/go.mod h1:TIyPZe4MgqvfeYDBFedMoGGpEw/LqOeaOT+nhxU+yHo=
github.com/gorilla/context v1.1.1 h1:AWwleXJkX/nhcU9bZSnZoi3h/qGYqQAGhq6zZe/aQW8=
github.com/gorilla/context v1.1.1/go.mod h1:kBGZzfjB9CEq2AlWe17Uuf7NDRt0dE0s8S51q0aT7Yg=
github.com/gorilla/handlers v1.4.0 h1:XulKRWSQK5uChr4pEgSE4Tc/OcmnU9GJuSwdog/tZsA=
github.com/gorilla/handlers v1.4.0/go.mod h1:Qkdc/uu4tH4g6mTK6auzZ766c4CA0Ng8+o/OAirnOIQ=
github.com/gorilla/mux v1.6.2 h1:Pgr17XVTNXAk3q/r4CpKzC5xBM/qW1uVLV+IhRZpIIk=
github.com/gorilla/mux v1.6.2/go.mod h1:1lud6UwP+6orDFRuTfBEV8e9/aOM/c4fVVCaMa2zaAs=
github.com/me-box/goZestClient v0.0.10 h1:dIU2G0iIGF4Oi8hRHwAKD3v6cobpGkXnqfOz0qJ3uQg=
github.com/me-box/goZestClient v0.0.10/go.mod h1:Hk1xjFnb9f21bXs+gepUCjXOHzFLahp917dYvG9WhOI=
github.com/me-box/lib-go-databox v0.5.11 h1:OiXb9afXZSk+dEAYR4JI9q8I0nGFjAZJMHlA0tDFWTQ=
github.com/me-box/lib-go-databox v0.5.11/go.mod h1:HVSKPu1O5xBNJ3ZJgD0duYBbvP//ixr5fNWjsbrRKY0=
github.com/me-box/lib-go-databox v0.6.1 h1:tcl0+DpFimX5cYZNwbdOolaw82kUt0cEq4ihBoEM3vM=
github.com/me-box/lib-go-databox v0.6.1/go.mod h1:AwgdPBqkXYKO1YqRK4cwCSgSyfrL5SDbYeOE4P6Xyeo=
github.com/pebbe/zmq4 v1.0.0 h1:D+MSmPpqkL5PSSmnh8g51ogirUCyemThuZzLW7Nrt78=
github.com/pebbe/zmq4 v1.0.0/go.mod h1:7N4y5R18zBiu3l0vajMUWQgZyjv464prE8RCyBcmnZM=
golang.org/x/tools v0.0.0-20180925155007-dca76387a03d/go.mod h1:n7NCudcB/nEzxVGmLbDWY5pfWTLqBcC2KZ6jyYvM4mQ=
golang.org/x/tools v0.0.0-20181023010539-40a48ad93fbe/go.mod h1:n7NCudcB/nEzxVGmLbDWY5pfWTLqBcC2KZ6jyYvM4mQ=
